
Microsoft Visual Studio Solution File, Format Version 12.00
# Visual Studio Version 17
VisualStudioVersion = 17.1.32414.318
MinimumVisualStudioVersion = 10.0.40219.1
Project("{FAE04EC0-301F-11D3-BF4B-00C04F79EFBC}") = "BlogProject", "BlogProject\BlogProject.csproj", "{0D367D05-95EE-486F-AC35-53487E22C5DE}"
EndProject
Project("{FAE04EC0-301F-11D3-BF4B-00C04F79EFBC}") = "EntityLayer", "EntityLayer\EntityLayer.csproj", "{21691EC9-CC7F-4A0C-861D-DF6402862DC2}"
EndProject
Project("{FAE04EC0-301F-11D3-BF4B-00C04F79EFBC}") = "DataAccessLayer", "DataAccessLayer\DataAccessLayer.csproj", "{160C4044-176E-4937-B1B8-E6E0167DE3AC}"
EndProject
Project("{FAE04EC0-301F-11D3-BF4B-00C04F79EFBC}") = "BusinessLayer", "BusinessLayer\BusinessLayer.csproj", "{45FC1B1D-F0BE-46C9-8222-B4C7FC93462B}"
EndProject
Project("{FAE04EC0-301F-11D3-BF4B-00C04F79EFBC}") = "CoreLayer", "CoreLayer\CoreLayer.csproj", "{54909AE3-ADB8-41E4-9186-71A235D75839}"
EndProject
Global
	GlobalSection(SolutionConfigurationPlatforms) = preSolution
		Debug|Any CPU = Debug|Any CPU
		Release|Any CPU = Release|Any CPU
	EndGlobalSection
	GlobalSection(ProjectConfigurationPlatforms) = postSolution
		{0D367D05-95EE-486F-AC35-53487E22C5DE}.Debug|Any CPU.ActiveCfg = Debug|Any CPU
		{0D367D05-95EE-486F-AC35-53487E22C5DE}.Debug|Any CPU.Build.0 = Debug|Any CPU
		{0D367D05-95EE-486F-AC35-53487E22C5DE}.Release|Any CPU.ActiveCfg = Release|Any CPU
		{0D367D05-95EE-486F-AC35-53487E22C5DE}.Release|Any CPU.Build.0 = Release|Any CPU
		{21691EC9-CC7F-4A0C-861D-DF6402862DC2}.Debug|Any CPU.ActiveCfg = Debug|Any CPU
		{21691EC9-CC7F-4A0C-861D-DF6402862DC2}.Debug|Any CPU.Build.0 = Debug|Any CPU
		{21691EC9-CC7F-4A0C-861D-DF6402862DC2}.Release|Any CPU.ActiveCfg = Release|Any CPU
		{21691EC9-CC7F-4A0C-861D-DF6402862DC2}.Release|Any CPU.Build.0 = Release|Any CPU
		{160C4044-176E-4937-B1B8-E6E0167DE3AC}.Debug|Any CPU.ActiveCfg = Debug|Any CPU
		{160C4044-176E-4937-B1B8-E6E0167DE3AC}.Debug|Any CPU.Build.0 = Debug|Any CPU
		{160C4044-176E-4937-B1B8-E6E0167DE3AC}.Release|Any CPU.ActiveCfg = Release|Any CPU
		{160C4044-176E-4937-B1B8-E6E0167DE3AC}.Release|Any CPU.Build.0 = Release|Any CPU
		{45FC1B1D-F0BE-46C9-8222-B4C7FC93462B}.Debug|Any CPU.ActiveCfg = Debug|Any CPU
		{45FC1B1D-F0BE-46C9-8222-B4C7FC93462B}.Debug|Any CPU.Build.0 = Debug|Any CPU
		{45FC1B1D-F0BE-46C9-8222-B4C7FC93462B}.Release|Any CPU.ActiveCfg = Release|Any CPU
		{45FC1B1D-F0BE-46C9-8222-B4C7FC93462B}.Release|Any CPU.Build.0 = Release|Any CPU
		{54909AE3-ADB8-41E4-9186-71A235D75839}.Debug|Any CPU.ActiveCfg = Debug|Any CPU
		{54909AE3-ADB8-41E4-9186-71A235D75839}.Debug|Any CPU.Build.0 = Debug|Any CPU
		{54909AE3-ADB8-41E4-9186-71A235D75839}.Release|Any CPU.ActiveCfg = Release|Any CPU
		{54909AE3-ADB8-41E4-9186-71A235D75839}.Release|Any CPU.Build.0 = Release|Any CPU
	EndGlobalSection
	GlobalSection(SolutionProperties) = preSolution
		HideSolutionNode = FALSE
	EndGlobalSection
	GlobalSection(ExtensibilityGlobals) = postSolution
		SolutionGuid = {C2FAAA07-04D1-411D-B516-B9C8E9091BA8}
	EndGlobalSection
EndGlobal
